
Microsoft Visual Studio Solution File, Format Version 12.00
# Visual Studio Version 17
VisualStudioVersion = 17.11.35222.181
MinimumVisualStudioVersion = 10.0.40219.1
Project("{9A19103F-16F7-4668-BE54-9A1E7A4F7556}") = "Services", "AiDietPlanServices\Services.csproj", "{15755059-5D1A-4B65-8BA5-FFA18EE03A99}"
EndProject
Project("{9A19103F-16F7-4668-BE54-9A1E7A4F7556}") = "Data", "AiDietPlanData\Data.csproj", "{29A14C80-87A4-4D4B-925E-B58B0B2B84B8}"
EndProject
Project("{9A19103F-16F7-4668-BE54-9A1E7A4F7556}") = "AiDietPlan", "AiDietPlan\AiDietPlan.csproj", "{BDABE363-7D88-4DCF-B4B7-3AF187C13DCF}"
EndProject
Global
	GlobalSection(SolutionConfigurationPlatforms) = preSolution
		Debug|Any CPU = Debug|Any CPU
		Release|Any CPU = Release|Any CPU
	EndGlobalSection
	GlobalSection(ProjectConfigurationPlatforms) = postSolution
		{15755059-5D1A-4B65-8BA5-FFA18EE03A99}.Debug|Any CPU.ActiveCfg = Debug|Any CPU
		{15755059-5D1A-4B65-8BA5-FFA18EE03A99}.Debug|Any CPU.Build.0 = Debug|Any CPU
		{15755059-5D1A-4B65-8BA5-FFA18EE03A99}.Release|Any CPU.ActiveCfg = Release|Any CPU
		{15755059-5D1A-4B65-8BA5-FFA18EE03A99}.Release|Any CPU.Build.0 = Release|Any CPU
		{29A14C80-87A4-4D4B-925E-B58B0B2B84B8}.Debug|Any CPU.ActiveCfg = Debug|Any CPU
		{29A14C80-87A4-4D4B-925E-B58B0B2B84B8}.Debug|Any CPU.Build.0 = Debug|Any CPU
		{29A14C80-87A4-4D4B-925E-B58B0B2B84B8}.Release|Any CPU.ActiveCfg = Release|Any CPU
		{29A14C80-87A4-4D4B-925E-B58B0B2B84B8}.Release|Any CPU.Build.0 = Release|Any CPU
		{BDABE363-7D88-4DCF-B4B7-3AF187C13DCF}.Debug|Any CPU.ActiveCfg = Debug|Any CPU
		{BDABE363-7D88-4DCF-B4B7-3AF187C13DCF}.Debug|Any CPU.Build.0 = Debug|Any CPU
		{BDABE363-7D88-4DCF-B4B7-3AF187C13DCF}.Release|Any CPU.ActiveCfg = Release|Any CPU
		{BDABE363-7D88-4DCF-B4B7-3AF187C13DCF}.Release|Any CPU.Build.0 = Release|Any CPU
	EndGlobalSection
	GlobalSection(SolutionProperties) = preSolution
		HideSolutionNode = FALSE
	EndGlobalSection
	GlobalSection(ExtensibilityGlobals) = postSolution
		SolutionGuid = {738E26D3-9778-4EFF-B605-381E055D6410}
	EndGlobalSection
EndGlobal
